
Microsoft Visual Studio Solution File, Format Version 12.00
# Visual Studio Version 16
VisualStudioVersion = 16.0.29411.108
MinimumVisualStudioVersion = 10.0.40219.1
Project("{9A19103F-16F7-4668-BE54-9A1E7A4F7556}") = "SEOAnalyzer", "SEOAnalyzer\SEOAnalyzer.csproj", "{76F7F93E-8E0F-40C0-A8D0-F13DEBDC1E88}"
EndProject
Project("{FAE04EC0-301F-11D3-BF4B-00C04F79EFBC}") = "UnitTest", "UnitTest\UnitTest.csproj", "{15E1C800-2DCD-481B-B911-6D5A138B4318}"
EndProject
Project("{FAE04EC0-301F-11D3-BF4B-00C04F79EFBC}") = "SEOCounter", "SEOCounter\SEOCounter.csproj", "{8C490F30-7E24-4254-A5A0-43C51524EE47}"
EndProject
Global
	GlobalSection(SolutionConfigurationPlatforms) = preSolution
		Debug|Any CPU = Debug|Any CPU
		Release|Any CPU = Release|Any CPU
	EndGlobalSection
	GlobalSection(ProjectConfigurationPlatforms) = postSolution
		{76F7F93E-8E0F-40C0-A8D0-F13DEBDC1E88}.Debug|Any CPU.ActiveCfg = Debug|Any CPU
		{76F7F93E-8E0F-40C0-A8D0-F13DEBDC1E88}.Debug|Any CPU.Build.0 = Debug|Any CPU
		{76F7F93E-8E0F-40C0-A8D0-F13DEBDC1E88}.Release|Any CPU.ActiveCfg = Release|Any CPU
		{76F7F93E-8E0F-40C0-A8D0-F13DEBDC1E88}.Release|Any CPU.Build.0 = Release|Any CPU
		{15E1C800-2DCD-481B-B911-6D5A138B4318}.Debug|Any CPU.ActiveCfg = Debug|Any CPU
		{15E1C800-2DCD-481B-B911-6D5A138B4318}.Debug|Any CPU.Build.0 = Debug|Any CPU
		{15E1C800-2DCD-481B-B911-6D5A138B4318}.Release|Any CPU.ActiveCfg = Release|Any CPU
		{15E1C800-2DCD-481B-B911-6D5A138B4318}.Release|Any CPU.Build.0 = Release|Any CPU
		{8C490F30-7E24-4254-A5A0-43C51524EE47}.Debug|Any CPU.ActiveCfg = Debug|Any CPU
		{8C490F30-7E24-4254-A5A0-43C51524EE47}.Debug|Any CPU.Build.0 = Debug|Any CPU
		{8C490F30-7E24-4254-A5A0-43C51524EE47}.Release|Any CPU.ActiveCfg = Release|Any CPU
		{8C490F30-7E24-4254-A5A0-43C51524EE47}.Release|Any CPU.Build.0 = Release|Any CPU
	EndGlobalSection
	GlobalSection(SolutionProperties) = preSolution
		HideSolutionNode = FALSE
	EndGlobalSection
	GlobalSection(ExtensibilityGlobals) = postSolution
		SolutionGuid = {A46DAD13-5501-4C92-8E35-5CC7F34A9181}
	EndGlobalSection
EndGlobal
